
Microsoft Visual Studio Solution File, Format Version 12.00
# Visual Studio Version 17
VisualStudioVersion = 17.6.33815.320
MinimumVisualStudioVersion = 10.0.40219.1
Project("{FAE04EC0-301F-11D3-BF4B-00C04F79EFBC}") = "NQueens.SemCopilot", "NQueens.SemCopilot\NQueens.SemCopilot.csproj", "{0541AEE7-42B7-4FED-A07D-6B6F9692F7D9}"
EndProject
Global
	GlobalSection(SolutionConfigurationPlatforms) = preSolution
		Debug|Any CPU = Debug|Any CPU
		Release|Any CPU = Release|Any CPU
	EndGlobalSection
	GlobalSection(ProjectConfigurationPlatforms) = postSolution
		{0541AEE7-42B7-4FED-A07D-6B6F9692F7D9}.Debug|Any CPU.ActiveCfg = Debug|Any CPU
		{0541AEE7-42B7-4FED-A07D-6B6F9692F7D9}.Debug|Any CPU.Build.0 = Debug|Any CPU
		{0541AEE7-42B7-4FED-A07D-6B6F9692F7D9}.Release|Any CPU.ActiveCfg = Release|Any CPU
		{0541AEE7-42B7-4FED-A07D-6B6F9692F7D9}.Release|Any CPU.Build.0 = Release|Any CPU
	EndGlobalSection
	GlobalSection(SolutionProperties) = preSolution
		HideSolutionNode = FALSE
	EndGlobalSection
	GlobalSection(ExtensibilityGlobals) = postSolution
		SolutionGuid = {4780A974-7C0F-456F-B114-E86DC65E391C}
	EndGlobalSection
EndGlobal
